<Solution>
  <Project Path="LogicSystems.Business/LogicSystems.Business.csproj" />
  <Project Path="LogicSystems.Core/LogicSystems.Core.csproj" />
  <Project Path="LogicSystems.Data/LogicSystems.Data.csproj" />
  <Project Path="LogicSystems.Tests/LogicSystems.Tests.csproj" Id="41c070f0-140d-424c-971e-2ddb3aaca248" />
  <Project Path="LogicSystems.WinFormsUI/LogicSystems.WinFormsUI.csproj" Id="10ecab84-8a41-4982-969b-a2902185a729" />
</Solution>
